// !$*UTF8*$!
{
	archiveVersion = 1;
	classes = {
	};
	objectVersion = 46;
	objects = {

/* Begin PBXBuildFile section */
		DC31D9ED1EBF0EBE00228F7A /* FDRatingElementView.swift in Sources */ = {isa = PBXBuildFile; fileRef = DC31D9EC1EBF0EBE00228F7A /* FDRatingElementView.swift */; };
		DC31D9EE1EBF0EBE00228F7A /* FDRatingElementView.swift in Sources */ = {isa = PBXBuildFile; fileRef = DC31D9EC1EBF0EBE00228F7A /* FDRatingElementView.swift */; };
		DC31D9F01EBF0ECE00228F7A /* FDRatingView.swift in Sources */ = {isa = PBXBuildFile; fileRef = DC31D9EF1EBF0ECE00228F7A /* FDRatingView.swift */; };
		DC31D9F11EBF0ECE00228F7A /* FDRatingView.swift in Sources */ = {isa = PBXBuildFile; fileRef = DC31D9EF1EBF0ECE00228F7A /* FDRatingView.swift */; };
		DC31D9F71EBF0EF200228F7A /* CrossPlatformCompatibility.swift in Sources */ = {isa = PBXBuildFile; fileRef = DC31D9F21EBF0EF200228F7A /* CrossPlatformCompatibility.swift */; };
		DC31D9F81EBF0EF200228F7A /* CrossPlatformCompatibility.swift in Sources */ = {isa = PBXBuildFile; fileRef = DC31D9F21EBF0EF200228F7A /* CrossPlatformCompatibility.swift */; };
		DC31D9F91EBF0EF200228F7A /* FDCircleView.swift in Sources */ = {isa = PBXBuildFile; fileRef = DC31D9F31EBF0EF200228F7A /* FDCircleView.swift */; };
		DC31D9FA1EBF0EF200228F7A /* FDCircleView.swift in Sources */ = {isa = PBXBuildFile; fileRef = DC31D9F31EBF0EF200228F7A /* FDCircleView.swift */; };
		DC31D9FB1EBF0EF200228F7A /* FDSquareView.swift in Sources */ = {isa = PBXBuildFile; fileRef = DC31D9F41EBF0EF200228F7A /* FDSquareView.swift */; };
		DC31D9FC1EBF0EF200228F7A /* FDSquareView.swift in Sources */ = {isa = PBXBuildFile; fileRef = DC31D9F41EBF0EF200228F7A /* FDSquareView.swift */; };
		DC31D9FD1EBF0EF200228F7A /* FDStarView.swift in Sources */ = {isa = PBXBuildFile; fileRef = DC31D9F51EBF0EF200228F7A /* FDStarView.swift */; };
		DC31D9FE1EBF0EF200228F7A /* FDStarView.swift in Sources */ = {isa = PBXBuildFile; fileRef = DC31D9F51EBF0EF200228F7A /* FDStarView.swift */; };
		DC31D9FF1EBF0EF200228F7A /* Star.swift in Sources */ = {isa = PBXBuildFile; fileRef = DC31D9F61EBF0EF200228F7A /* Star.swift */; };
		DC31DA001EBF0EF200228F7A /* Star.swift in Sources */ = {isa = PBXBuildFile; fileRef = DC31D9F61EBF0EF200228F7A /* Star.swift */; };
		DC32FB591D3E9EA300FDDEF4 /* .swiftlint.yml in Resources */ = {isa = PBXBuildFile; fileRef = DC32FB581D3E9EA300FDDEF4 /* .swiftlint.yml */; };
		DC493BBB1DAC0E7100AA2ED6 /* FDRatingViewMac.h in Headers */ = {isa = PBXBuildFile; fileRef = DC493BB91DAC0E7100AA2ED6 /* FDRatingViewMac.h */; settings = {ATTRIBUTES = (Public, ); }; };
		DC493BC11DAC0EE300AA2ED6 /* CrossPlatformCompatibility.swift in Sources */ = {isa = PBXBuildFile; fileRef = DC493BC01DAC0EE300AA2ED6 /* CrossPlatformCompatibility.swift */; };
		DC493BC21DAC0EE300AA2ED6 /* CrossPlatformCompatibility.swift in Sources */ = {isa = PBXBuildFile; fileRef = DC493BC01DAC0EE300AA2ED6 /* CrossPlatformCompatibility.swift */; };
		DCE201B71CE3B0EA004050EA /* FDRatingView.h in Headers */ = {isa = PBXBuildFile; fileRef = DCE201B61CE3B0EA004050EA /* FDRatingView.h */; settings = {ATTRIBUTES = (Public, ); }; };
/* End PBXBuildFile section */

/* Begin PBXFileReference section */
		DC31D9EC1EBF0EBE00228F7A /* FDRatingElementView.swift */ = {isa = PBXFileReference; fileEncoding = 4; lastKnownFileType = sourcecode.swift; name = FDRatingElementView.swift; path = Shared/FDRatingElementView.swift; sourceTree = SOURCE_ROOT; };
		DC31D9EF1EBF0ECE00228F7A /* FDRatingView.swift */ = {isa = PBXFileReference; fileEncoding = 4; lastKnownFileType = sourcecode.swift; name = FDRatingView.swift; path = Shared/FDRatingView.swift; sourceTree = SOURCE_ROOT; };
		DC31D9F21EBF0EF200228F7A /* CrossPlatformCompatibility.swift */ = {isa = PBXFileReference; fileEncoding = 4; lastKnownFileType = sourcecode.swift; name = CrossPlatformCompatibility.swift; path = Shared/CrossPlatformCompatibility.swift; sourceTree = "<group>"; };
		DC31D9F31EBF0EF200228F7A /* FDCircleView.swift */ = {isa = PBXFileReference; fileEncoding = 4; lastKnownFileType = sourcecode.swift; name = FDCircleView.swift; path = Shared/FDCircleView.swift; sourceTree = "<group>"; };
		DC31D9F41EBF0EF200228F7A /* FDSquareView.swift */ = {isa = PBXFileReference; fileEncoding = 4; lastKnownFileType = sourcecode.swift; name = FDSquareView.swift; path = Shared/FDSquareView.swift; sourceTree = "<group>"; };
		DC31D9F51EBF0EF200228F7A /* FDStarView.swift */ = {isa = PBXFileReference; fileEncoding = 4; lastKnownFileType = sourcecode.swift; name = FDStarView.swift; path = Shared/FDStarView.swift; sourceTree = "<group>"; };
		DC31D9F61EBF0EF200228F7A /* Star.swift */ = {isa = PBXFileReference; fileEncoding = 4; lastKnownFileType = sourcecode.swift; name = Star.swift; path = Shared/Star.swift; sourceTree = "<group>"; };
		DC32FB581D3E9EA300FDDEF4 /* .swiftlint.yml */ = {isa = PBXFileReference; fileEncoding = 4; lastKnownFileType = text; path = .swiftlint.yml; sourceTree = "<group>"; };
		DC493BB71DAC0E7100AA2ED6 /* FDRatingViewMac.framework */ = {isa = PBXFileReference; explicitFileType = wrapper.framework; includeInIndex = 0; path = FDRatingViewMac.framework; sourceTree = BUILT_PRODUCTS_DIR; };
		DC493BB91DAC0E7100AA2ED6 /* FDRatingViewMac.h */ = {isa = PBXFileReference; lastKnownFileType = sourcecode.c.h; path = FDRatingViewMac.h; sourceTree = "<group>"; };
		DC493BBA1DAC0E7100AA2ED6 /* Info.plist */ = {isa = PBXFileReference; lastKnownFileType = text.plist.xml; path = Info.plist; sourceTree = "<group>"; };
		DC493BC01DAC0EE300AA2ED6 /* CrossPlatformCompatibility.swift */ = {isa = PBXFileReference; fileEncoding = 4; lastKnownFileType = sourcecode.swift; name = CrossPlatformCompatibility.swift; path = Shared/CrossPlatformCompatibility.swift; sourceTree = "<group>"; };
		DCE201B31CE3B0EA004050EA /* FDRatingView.framework */ = {isa = PBXFileReference; explicitFileType = wrapper.framework; includeInIndex = 0; path = FDRatingView.framework; sourceTree = BUILT_PRODUCTS_DIR; };
		DCE201B61CE3B0EA004050EA /* FDRatingView.h */ = {isa = PBXFileReference; lastKnownFileType = sourcecode.c.h; path = FDRatingView.h; sourceTree = "<group>"; };
		DCE201B81CE3B0EA004050EA /* Info.plist */ = {isa = PBXFileReference; lastKnownFileType = text.plist.xml; path = Info.plist; sourceTree = "<group>"; };
/* End PBXFileReference section */

/* Begin PBXFrameworksBuildPhase section */
		DC493BB31DAC0E7100AA2ED6 /* Frameworks */ = {
			isa = PBXFrameworksBuildPhase;
			buildActionMask = 2147483647;
			files = (
			);
			runOnlyForDeploymentPostprocessing = 0;
		};
		DCE201AF1CE3B0EA004050EA /* Frameworks */ = {
			isa = PBXFrameworksBuildPhase;
			buildActionMask = 2147483647;
			files = (
			);
			runOnlyForDeploymentPostprocessing = 0;
		};
/* End PBXFrameworksBuildPhase section */

/* Begin PBXGroup section */
		DC31DA011EBF0EF700228F7A /* Circle */ = {
			isa = PBXGroup;
			children = (
				DC31D9F31EBF0EF200228F7A /* FDCircleView.swift */,
			);
			name = Circle;
			sourceTree = "<group>";
		};
		DC31DA021EBF0F0100228F7A /* Square */ = {
			isa = PBXGroup;
			children = (
				DC31D9F41EBF0EF200228F7A /* FDSquareView.swift */,
			);
			name = Square;
			sourceTree = "<group>";
		};
		DC31DA031EBF0F0B00228F7A /* Star */ = {
			isa = PBXGroup;
			children = (
				DC31D9F51EBF0EF200228F7A /* FDStarView.swift */,
				DC31D9F61EBF0EF200228F7A /* Star.swift */,
			);
			name = Star;
			sourceTree = "<group>";
		};
		DC493BB81DAC0E7100AA2ED6 /* FDRatingView Mac */ = {
			isa = PBXGroup;
			children = (
				DC493BB91DAC0E7100AA2ED6 /* FDRatingViewMac.h */,
				DC493BBA1DAC0E7100AA2ED6 /* Info.plist */,
			);
			name = "FDRatingView Mac";
			path = FDRatingViewMac;
			sourceTree = "<group>";
		};
		DC493BBF1DAC0EA500AA2ED6 /* Shared Code */ = {
			isa = PBXGroup;
			children = (
				DC493BC01DAC0EE300AA2ED6 /* CrossPlatformCompatibility.swift */,
				DC31D9EF1EBF0ECE00228F7A /* FDRatingView.swift */,
				DC31D9EC1EBF0EBE00228F7A /* FDRatingElementView.swift */,
				DC31D9F21EBF0EF200228F7A /* CrossPlatformCompatibility.swift */,
				DC31DA011EBF0EF700228F7A /* Circle */,
				DC31DA021EBF0F0100228F7A /* Square */,
				DC31DA031EBF0F0B00228F7A /* Star */,
			);
			name = "Shared Code";
			sourceTree = "<group>";
		};
		DCE201A91CE3B0E9004050EA = {
			isa = PBXGroup;
			children = (
				DC32FB581D3E9EA300FDDEF4 /* .swiftlint.yml */,
				DC493BBF1DAC0EA500AA2ED6 /* Shared Code */,
				DCE201B51CE3B0EA004050EA /* FDRatingView iOS */,
				DC493BB81DAC0E7100AA2ED6 /* FDRatingView Mac */,
				DCE201B41CE3B0EA004050EA /* Products */,
			);
			sourceTree = "<group>";
		};
		DCE201B41CE3B0EA004050EA /* Products */ = {
			isa = PBXGroup;
			children = (
				DCE201B31CE3B0EA004050EA /* FDRatingView.framework */,
				DC493BB71DAC0E7100AA2ED6 /* FDRatingViewMac.framework */,
			);
			name = Products;
			sourceTree = "<group>";
		};
		DCE201B51CE3B0EA004050EA /* FDRatingView iOS */ = {
			isa = PBXGroup;
			children = (
				DCE201B61CE3B0EA004050EA /* FDRatingView.h */,
				DCE201B81CE3B0EA004050EA /* Info.plist */,
			);
			name = "FDRatingView iOS";
			path = FDRatingView;
			sourceTree = "<group>";
		};
/* End PBXGroup section */

/* Begin PBXHeadersBuildPhase section */
		DC493BB41DAC0E7100AA2ED6 /* Headers */ = {
			isa = PBXHeadersBuildPhase;
			buildActionMask = 2147483647;
			files = (
				DC493BBB1DAC0E7100AA2ED6 /* FDRatingViewMac.h in Headers */,
			);
			runOnlyForDeploymentPostprocessing = 0;
		};
		DCE201B01CE3B0EA004050EA /* Headers */ = {
			isa = PBXHeadersBuildPhase;
			buildActionMask = 2147483647;
			files = (
				DCE201B71CE3B0EA004050EA /* FDRatingView.h in Headers */,
			);
			runOnlyForDeploymentPostprocessing = 0;
		};
/* End PBXHeadersBuildPhase section */

/* Begin PBXNativeTarget section */
		DC493BB61DAC0E7100AA2ED6 /* FDRatingViewMac */ = {
			isa = PBXNativeTarget;
			buildConfigurationList = DC493BBE1DAC0E7100AA2ED6 /* Build configuration list for PBXNativeTarget "FDRatingViewMac" */;
			buildPhases = (
				DC493BB21DAC0E7100AA2ED6 /* Sources */,
				DC493BB31DAC0E7100AA2ED6 /* Frameworks */,
				DC493BB41DAC0E7100AA2ED6 /* Headers */,
				DC493BB51DAC0E7100AA2ED6 /* Resources */,
			);
			buildRules = (
			);
			dependencies = (
			);
			name = FDRatingViewMac;
			productName = FDRatingViewMac;
			productReference = DC493BB71DAC0E7100AA2ED6 /* FDRatingViewMac.framework */;
			productType = "com.apple.product-type.framework";
		};
		DCE201B21CE3B0EA004050EA /* FDRatingView */ = {
			isa = PBXNativeTarget;
			buildConfigurationList = DCE201BB1CE3B0EA004050EA /* Build configuration list for PBXNativeTarget "FDRatingView" */;
			buildPhases = (
				DC32FB571D3E9E8C00FDDEF4 /* Code quality */,
				DCE201AE1CE3B0EA004050EA /* Sources */,
				DCE201AF1CE3B0EA004050EA /* Frameworks */,
				DCE201B01CE3B0EA004050EA /* Headers */,
				DCE201B11CE3B0EA004050EA /* Resources */,
			);
			buildRules = (
			);
			dependencies = (
			);
			name = FDRatingView;
			productName = FDRatingView;
			productReference = DCE201B31CE3B0EA004050EA /* FDRatingView.framework */;
			productType = "com.apple.product-type.framework";
		};
/* End PBXNativeTarget section */

/* Begin PBXProject section */
		DCE201AA1CE3B0E9004050EA /* Project object */ = {
			isa = PBXProject;
			attributes = {
				LastUpgradeCheck = 0730;
				ORGANIZATIONNAME = "Felix Deil";
				TargetAttributes = {
					DC493BB61DAC0E7100AA2ED6 = {
						CreatedOnToolsVersion = 8.0;
						LastSwiftMigration = 0800;
						ProvisioningStyle = Automatic;
					};
					DCE201B21CE3B0EA004050EA = {
						CreatedOnToolsVersion = 7.3;
						LastSwiftMigration = 0800;
					};
				};
			};
			buildConfigurationList = DCE201AD1CE3B0E9004050EA /* Build configuration list for PBXProject "FDRatingView" */;
			compatibilityVersion = "Xcode 3.2";
			developmentRegion = English;
			hasScannedForEncodings = 0;
			knownRegions = (
				en,
			);
			mainGroup = DCE201A91CE3B0E9004050EA;
			productRefGroup = DCE201B41CE3B0EA004050EA /* Products */;
			projectDirPath = "";
			projectRoot = "";
			targets = (
				DCE201B21CE3B0EA004050EA /* FDRatingView */,
				DC493BB61DAC0E7100AA2ED6 /* FDRatingViewMac */,
			);
		};
/* End PBXProject section */

/* Begin PBXResourcesBuildPhase section */
		DC493BB51DAC0E7100AA2ED6 /* Resources */ = {
			isa = PBXResourcesBuildPhase;
			buildActionMask = 2147483647;
			files = (
			);
			runOnlyForDeploymentPostprocessing = 0;
		};
		DCE201B11CE3B0EA004050EA /* Resources */ = {
			isa = PBXResourcesBuildPhase;
			buildActionMask = 2147483647;
			files = (
				DC32FB591D3E9EA300FDDEF4 /* .swiftlint.yml in Resources */,
			);
			runOnlyForDeploymentPostprocessing = 0;
		};
/* End PBXResourcesBuildPhase section */

/* Begin PBXShellScriptBuildPhase section */
		DC32FB571D3E9E8C00FDDEF4 /* Code quality */ = {
			isa = PBXShellScriptBuildPhase;
			buildActionMask = 2147483647;
			files = (
			);
			inputPaths = (
			);
			name = "Code quality";
			outputPaths = (
			);
			runOnlyForDeploymentPostprocessing = 0;
			shellPath = /bin/sh;
			shellScript = "if which swiftlint >/dev/null; then\nswiftlint\nelse\necho \"warning: SwiftLint not installed, download from https://github.com/realm/SwiftLint\"\nfi";
		};
/* End PBXShellScriptBuildPhase section */

/* Begin PBXSourcesBuildPhase section */
		DC493BB21DAC0E7100AA2ED6 /* Sources */ = {
			isa = PBXSourcesBuildPhase;
			buildActionMask = 2147483647;
			files = (
				DC31D9F81EBF0EF200228F7A /* CrossPlatformCompatibility.swift in Sources */,
				DC31D9EE1EBF0EBE00228F7A /* FDRatingElementView.swift in Sources */,
				DC31D9F11EBF0ECE00228F7A /* FDRatingView.swift in Sources */,
				DC493BC21DAC0EE300AA2ED6 /* CrossPlatformCompatibility.swift in Sources */,
				DC31D9FA1EBF0EF200228F7A /* FDCircleView.swift in Sources */,
				DC31D9FC1EBF0EF200228F7A /* FDSquareView.swift in Sources */,
				DC31D9FE1EBF0EF200228F7A /* FDStarView.swift in Sources */,
				DC31DA001EBF0EF200228F7A /* Star.swift in Sources */,
			);
			runOnlyForDeploymentPostprocessing = 0;
		};
		DCE201AE1CE3B0EA004050EA /* Sources */ = {
			isa = PBXSourcesBuildPhase;
			buildActionMask = 2147483647;
			files = (
				DC31D9F71EBF0EF200228F7A /* CrossPlatformCompatibility.swift in Sources */,
				DC31D9ED1EBF0EBE00228F7A /* FDRatingElementView.swift in Sources */,
				DC31D9F01EBF0ECE00228F7A /* FDRatingView.swift in Sources */,
				DC493BC11DAC0EE300AA2ED6 /* CrossPlatformCompatibility.swift in Sources */,
				DC31D9F91EBF0EF200228F7A /* FDCircleView.swift in Sources */,
				DC31D9FB1EBF0EF200228F7A /* FDSquareView.swift in Sources */,
				DC31D9FD1EBF0EF200228F7A /* FDStarView.swift in Sources */,
				DC31D9FF1EBF0EF200228F7A /* Star.swift in Sources */,
			);
			runOnlyForDeploymentPostprocessing = 0;
		};
/* End PBXSourcesBuildPhase section */

/* Begin XCBuildConfiguration section */
		DC493BBC1DAC0E7100AA2ED6 /* Debug */ = {
			isa = XCBuildConfiguration;
			buildSettings = {
				CLANG_ENABLE_MODULES = YES;
				CLANG_WARN_DOCUMENTATION_COMMENTS = YES;
				CLANG_WARN_INFINITE_RECURSION = YES;
				CLANG_WARN_SUSPICIOUS_MOVES = YES;
				CODE_SIGN_IDENTITY = "-";
				COMBINE_HIDPI_IMAGES = YES;
				DEFINES_MODULE = YES;
				DYLIB_COMPATIBILITY_VERSION = 1;
				DYLIB_CURRENT_VERSION = 1;
				DYLIB_INSTALL_NAME_BASE = "@rpath";
				FRAMEWORK_VERSION = A;
				INFOPLIST_FILE = FDRatingViewMac/Info.plist;
				INSTALL_PATH = "$(LOCAL_LIBRARY_DIR)/Frameworks";
				LD_RUNPATH_SEARCH_PATHS = "$(inherited) @executable_path/../Frameworks @loader_path/Frameworks";
				MACOSX_DEPLOYMENT_TARGET = 10.12;
				PRODUCT_BUNDLE_IDENTIFIER = de.felixdeil.FDRatingViewMac;
				PRODUCT_NAME = "$(TARGET_NAME)";
				SDKROOT = macosx;
				SKIP_INSTALL = YES;
				SWIFT_ACTIVE_COMPILATION_CONDITIONS = DEBUG;
				SWIFT_OPTIMIZATION_LEVEL = "-Onone";
				SWIFT_VERSION = 3.0;
			};
			name = Debug;
		};
		DC493BBD1DAC0E7100AA2ED6 /* Release */ = {
			isa = XCBuildConfiguration;
			buildSettings = {
				CLANG_ENABLE_MODULES = YES;
				CLANG_WARN_DOCUMENTATION_COMMENTS = YES;
				CLANG_WARN_INFINITE_RECURSION = YES;
				CLANG_WARN_SUSPICIOUS_MOVES = YES;
				CODE_SIGN_IDENTITY = "-";
				COMBINE_HIDPI_IMAGES = YES;
				DEFINES_MODULE = YES;
				DYLIB_COMPATIBILITY_VERSION = 1;
				DYLIB_CURRENT_VERSION = 1;
				DYLIB_INSTALL_NAME_BASE = "@rpath";
				FRAMEWORK_VERSION = A;
				INFOPLIST_FILE = FDRatingViewMac/Info.plist;
				INSTALL_PATH = "$(LOCAL_LIBRARY_DIR)/Frameworks";
				LD_RUNPATH_SEARCH_PATHS = "$(inherited) @executable_path/../Frameworks @loader_path/Frameworks";
				MACOSX_DEPLOYMENT_TARGET = 10.12;
				PRODUCT_BUNDLE_IDENTIFIER = de.felixdeil.FDRatingViewMac;
				PRODUCT_NAME = "$(TARGET_NAME)";
				SDKROOT = macosx;
				SKIP_INSTALL = YES;
				SWIFT_OPTIMIZATION_LEVEL = "-Owholemodule";
				SWIFT_VERSION = 3.0;
			};
			name = Release;
		};
		DCE201B91CE3B0EA004050EA /* Debug */ = {
			isa = XCBuildConfiguration;
			buildSettings = {
				ALWAYS_SEARCH_USER_PATHS = NO;
				CLANG_ANALYZER_NONNULL = YES;
				CLANG_CXX_LANGUAGE_STANDARD = "gnu++0x";
				CLANG_CXX_LIBRARY = "libc++";
				CLANG_ENABLE_MODULES = YES;
				CLANG_ENABLE_OBJC_ARC = YES;
				CLANG_WARN_BOOL_CONVERSION = YES;
				CLANG_WARN_CONSTANT_CONVERSION = YES;
				CLANG_WARN_DIRECT_OBJC_ISA_USAGE = YES_ERROR;
				CLANG_WARN_EMPTY_BODY = YES;
				CLANG_WARN_ENUM_CONVERSION = YES;
				CLANG_WARN_INT_CONVERSION = YES;
				CLANG_WARN_OBJC_ROOT_CLASS = YES_ERROR;
				CLANG_WARN_UNREACHABLE_CODE = YES;
				CLANG_WARN__DUPLICATE_METHOD_MATCH = YES;
				"CODE_SIGN_IDENTITY[sdk=iphoneos*]" = "iPhone Developer";
				COPY_PHASE_STRIP = NO;
				CURRENT_PROJECT_VERSION = 1;
				DEBUG_INFORMATION_FORMAT = dwarf;
				ENABLE_STRICT_OBJC_MSGSEND = YES;
				ENABLE_TESTABILITY = YES;
				GCC_C_LANGUAGE_STANDARD = gnu99;
				GCC_DYNAMIC_NO_PIC = NO;
				GCC_NO_COMMON_BLOCKS = YES;
				GCC_OPTIMIZATION_LEVEL = 0;
				GCC_PREPROCESSOR_DEFINITIONS = (
					"DEBUG=1",
					"$(inherited)",
				);
				GCC_WARN_64_TO_32_BIT_CONVERSION = YES;
				GCC_WARN_ABOUT_RETURN_TYPE = YES_ERROR;
				GCC_WARN_UNDECLARED_SELECTOR = YES;
				GCC_WARN_UNINITIALIZED_AUTOS = YES_AGGRESSIVE;
				GCC_WARN_UNUSED_FUNCTION = YES;
				GCC_WARN_UNUSED_VARIABLE = YES;
				IPHONEOS_DEPLOYMENT_TARGET = 8.0;
				MTL_ENABLE_DEBUG_INFO = YES;
				ONLY_ACTIVE_ARCH = YES;
				SDKROOT = iphoneos;
				SWIFT_OPTIMIZATION_LEVEL = "-Onone";
				TARGETED_DEVICE_FAMILY = "1,2";
				VERSIONING_SYSTEM = "apple-generic";
				VERSION_INFO_PREFIX = "";
			};
			name = Debug;
		};
		DCE201BA1CE3B0EA004050EA /* Release */ = {
			isa = XCBuildConfiguration;
			buildSettings = {
				ALWAYS_SEARCH_USER_PATHS = NO;
				CLANG_ANALYZER_NONNULL = YES;
				CLANG_CXX_LANGUAGE_STANDARD = "gnu++0x";
				CLANG_CXX_LIBRARY = "libc++";
				CLANG_ENABLE_MODULES = YES;
				CLANG_ENABLE_OBJC_ARC = YES;
				CLANG_WARN_BOOL_CONVERSION = YES;
				CLANG_WARN_CONSTANT_CONVERSION = YES;
				CLANG_WARN_DIRECT_OBJC_ISA_USAGE = YES_ERROR;
				CLANG_WARN_EMPTY_BODY = YES;
				CLANG_WARN_ENUM_CONVERSION = YES;
				CLANG_WARN_INT_CONVERSION = YES;
				CLANG_WARN_OBJC_ROOT_CLASS = YES_ERROR;
				CLANG_WARN_UNREACHABLE_CODE = YES;
				CLANG_WARN__DUPLICATE_METHOD_MATCH = YES;
				"CODE_SIGN_IDENTITY[sdk=iphoneos*]" = "iPhone Developer";
				COPY_PHASE_STRIP = NO;
				CURRENT_PROJECT_VERSION = 1;
				DEBUG_INFORMATION_FORMAT = "dwarf-with-dsym";
				ENABLE_NS_ASSERTIONS = NO;
				ENABLE_STRICT_OBJC_MSGSEND = YES;
				GCC_C_LANGUAGE_STANDARD = gnu99;
				GCC_NO_COMMON_BLOCKS = YES;
				GCC_WARN_64_TO_32_BIT_CONVERSION = YES;
				GCC_WARN_ABOUT_RETURN_TYPE = YES_ERROR;
				GCC_WARN_UNDECLARED_SELECTOR = YES;
				GCC_WARN_UNINITIALIZED_AUTOS = YES_AGGRESSIVE;
				GCC_WARN_UNUSED_FUNCTION = YES;
				GCC_WARN_UNUSED_VARIABLE = YES;
				IPHONEOS_DEPLOYMENT_TARGET = 8.0;
				MTL_ENABLE_DEBUG_INFO = NO;
				SDKROOT = iphoneos;
				TARGETED_DEVICE_FAMILY = "1,2";
				VALIDATE_PRODUCT = YES;
				VERSIONING_SYSTEM = "apple-generic";
				VERSION_INFO_PREFIX = "";
			};
			name = Release;
		};
		DCE201BC1CE3B0EA004050EA /* Debug */ = {
			isa = XCBuildConfiguration;
			buildSettings = {
				CLANG_ENABLE_MODULES = YES;
				DEFINES_MODULE = YES;
				DYLIB_COMPATIBILITY_VERSION = 1;
				DYLIB_CURRENT_VERSION = 1;
				DYLIB_INSTALL_NAME_BASE = "@rpath";
				INFOPLIST_FILE = FDRatingView/Info.plist;
				INSTALL_PATH = "$(LOCAL_LIBRARY_DIR)/Frameworks";
				LD_RUNPATH_SEARCH_PATHS = "$(inherited) @executable_path/Frameworks @loader_path/Frameworks";
				PRODUCT_BUNDLE_IDENTIFIER = de.felixdeil.FDRatingView;
				PRODUCT_NAME = "$(TARGET_NAME)";
				SKIP_INSTALL = YES;
				SWIFT_OPTIMIZATION_LEVEL = "-Onone";
				SWIFT_VERSION = 3.0;
			};
			name = Debug;
		};
		DCE201BD1CE3B0EA004050EA /* Release */ = {
			isa = XCBuildConfiguration;
			buildSettings = {
				CLANG_ENABLE_MODULES = YES;
				DEFINES_MODULE = YES;
				DYLIB_COMPATIBILITY_VERSION = 1;
				DYLIB_CURRENT_VERSION = 1;
				DYLIB_INSTALL_NAME_BASE = "@rpath";
				INFOPLIST_FILE = FDRatingView/Info.plist;
				INSTALL_PATH = "$(LOCAL_LIBRARY_DIR)/Frameworks";
				LD_RUNPATH_SEARCH_PATHS = "$(inherited) @executable_path/Frameworks @loader_path/Frameworks";
				PRODUCT_BUNDLE_IDENTIFIER = de.felixdeil.FDRatingView;
				PRODUCT_NAME = "$(TARGET_NAME)";
				SKIP_INSTALL = YES;
				SWIFT_VERSION = 3.0;
			};
			name = Release;
		};
/* End XCBuildConfiguration section */

/* Begin XCConfigurationList section */
		DC493BBE1DAC0E7100AA2ED6 /* Build configuration list for PBXNativeTarget "FDRatingViewMac" */ = {
			isa = XCConfigurationList;
			buildConfigurations = (
				DC493BBC1DAC0E7100AA2ED6 /* Debug */,
				DC493BBD1DAC0E7100AA2ED6 /* Release */,
			);
			defaultConfigurationIsVisible = 0;
			defaultConfigurationName = Release;
		};
		DCE201AD1CE3B0E9004050EA /* Build configuration list for PBXProject "FDRatingView" */ = {
			isa = XCConfigurationList;
			buildConfigurations = (
				DCE201B91CE3B0EA004050EA /* Debug */,
				DCE201BA1CE3B0EA004050EA /* Release */,
			);
			defaultConfigurationIsVisible = 0;
			defaultConfigurationName = Release;
		};
		DCE201BB1CE3B0EA004050EA /* Build configuration list for PBXNativeTarget "FDRatingView" */ = {
			isa = XCConfigurationList;
			buildConfigurations = (
				DCE201BC1CE3B0EA004050EA /* Debug */,
				DCE201BD1CE3B0EA004050EA /* Release */,
			);
			defaultConfigurationIsVisible = 0;
			defaultConfigurationName = Release;
		};
/* End XCConfigurationList section */
	};
	rootObject = DCE201AA1CE3B0E9004050EA /* Project object */;
}
